
Microsoft Visual Studio Solution File, Format Version 12.00
# Visual Studio Version 16
VisualStudioVersion = 16.0.31605.320
MinimumVisualStudioVersion = 10.0.40219.1
Project("{FAE04EC0-301F-11D3-BF4B-00C04F79EFBC}") = "AtlasClientSimulator", "AtlasClientSimulator.csproj", "{15A4FC6C-4D71-4A50-8D96-FD41573E3282}"
EndProject
Global
	GlobalSection(SolutionConfigurationPlatforms) = preSolution
		Debug|Any CPU = Debug|Any CPU
		Release|Any CPU = Release|Any CPU
	EndGlobalSection
	GlobalSection(ProjectConfigurationPlatforms) = postSolution
		{15A4FC6C-4D71-4A50-8D96-FD41573E3282}.Debug|Any CPU.ActiveCfg = Debug|Any CPU
		{15A4FC6C-4D71-4A50-8D96-FD41573E3282}.Debug|Any CPU.Build.0 = Debug|Any CPU
		{15A4FC6C-4D71-4A50-8D96-FD41573E3282}.Release|Any CPU.ActiveCfg = Release|Any CPU
		{15A4FC6C-4D71-4A50-8D96-FD41573E3282}.Release|Any CPU.Build.0 = Release|Any CPU
	EndGlobalSection
	GlobalSection(SolutionProperties) = preSolution
		HideSolutionNode = FALSE
	EndGlobalSection
	GlobalSection(ExtensibilityGlobals) = postSolution
		SolutionGuid = {272DD1F5-028B-4668-B3BB-B299FC3B5512}
	EndGlobalSection
EndGlobal
